
Microsoft Visual Studio Solution File, Format Version 12.00
# Visual Studio Version 17
VisualStudioVersion = 17.4.33205.214
MinimumVisualStudioVersion = 10.0.40219.1
Project("{2150E333-8FDC-42A3-9474-1A3956D46DE8}") = "Services", "Services", "{F094A572-F340-432E-A8D1-9025E8B04A54}"
EndProject
Project("{2150E333-8FDC-42A3-9474-1A3956D46DE8}") = "WebApps", "WebApps", "{F31B9F20-4D8C-41D9-838F-5DB334422E7D}"
EndProject
Project("{2150E333-8FDC-42A3-9474-1A3956D46DE8}") = "Cadastros", "Cadastros", "{4B4B1CE4-EDCB-45BA-B2E8-E775280462D2}"
EndProject
Project("{2150E333-8FDC-42A3-9474-1A3956D46DE8}") = "Catalogo", "Catalogo", "{B6281BA7-EDC6-4B46-A686-1C5032304128}"
EndProject
Project("{2150E333-8FDC-42A3-9474-1A3956D46DE8}") = "Core", "Core", "{2DC78145-5EC1-40CE-BB70-7C57C50DCE24}"
EndProject
Global
	GlobalSection(SolutionProperties) = preSolution
		HideSolutionNode = FALSE
	EndGlobalSection
	GlobalSection(NestedProjects) = preSolution
		{4B4B1CE4-EDCB-45BA-B2E8-E775280462D2} = {F094A572-F340-432E-A8D1-9025E8B04A54}
		{B6281BA7-EDC6-4B46-A686-1C5032304128} = {F094A572-F340-432E-A8D1-9025E8B04A54}
		{2DC78145-5EC1-40CE-BB70-7C57C50DCE24} = {F094A572-F340-432E-A8D1-9025E8B04A54}
	EndGlobalSection
	GlobalSection(ExtensibilityGlobals) = postSolution
		SolutionGuid = {52FB8CC1-2CE6-4939-987B-928A033C5D86}
	EndGlobalSection
EndGlobal
