
Microsoft Visual Studio Solution File, Format Version 12.00
# Visual Studio Version 17
VisualStudioVersion = 17.4.33205.214
MinimumVisualStudioVersion = 10.0.40219.1
Project("{2150E333-8FDC-42A3-9474-1A3956D46DE8}") = "Services", "Services", "{F094A572-F340-432E-A8D1-9025E8B04A54}"
EndProject
Project("{2150E333-8FDC-42A3-9474-1A3956D46DE8}") = "WebApps", "WebApps", "{F31B9F20-4D8C-41D9-838F-5DB334422E7D}"
EndProject
Project("{2150E333-8FDC-42A3-9474-1A3956D46DE8}") = "Cadastros", "Cadastros", "{4B4B1CE4-EDCB-45BA-B2E8-E775280462D2}"
EndProject
Project("{2150E333-8FDC-42A3-9474-1A3956D46DE8}") = "Catalogo", "Catalogo", "{B6281BA7-EDC6-4B46-A686-1C5032304128}"
EndProject
Project("{2150E333-8FDC-42A3-9474-1A3956D46DE8}") = "Core", "Core", "{2DC78145-5EC1-40CE-BB70-7C57C50DCE24}"
EndProject
Project("{9A19103F-16F7-4668-BE54-9A1E7A4F7556}") = "NerdStore.Catalogo.Domain", "src\NerdStore.Catalogo.Domain\NerdStore.Catalogo.Domain.csproj", "{00603E32-F3A3-47C3-B833-EB92D3E23CE6}"
EndProject
Project("{9A19103F-16F7-4668-BE54-9A1E7A4F7556}") = "NerdStore.Core", "src\NerdStore.Core\NerdStore.Core.csproj", "{0011F447-9607-42CA-B9C0-ED46C648A4B5}"
EndProject
Project("{2150E333-8FDC-42A3-9474-1A3956D46DE8}") = "Testes", "Testes", "{6412A16D-479B-46CD-AE97-E725E5553E5D}"
EndProject
Project("{9A19103F-16F7-4668-BE54-9A1E7A4F7556}") = "NerdStore.Catalogo.Domain.Testes", "tests\NerdStore.Catalogo.Domain.Testes\NerdStore.Catalogo.Domain.Testes.csproj", "{EF1184B5-1B60-420E-8900-1472BD4D51C7}"
EndProject
Project("{9A19103F-16F7-4668-BE54-9A1E7A4F7556}") = "NerdStore.Catalogo.Data", "src\NerdStore.Catalogo.Data\NerdStore.Catalogo.Data.csproj", "{BD596250-8132-41A4-A381-5695DA4DF45F}"
EndProject
Project("{9A19103F-16F7-4668-BE54-9A1E7A4F7556}") = "NerdStore.Catalogo.Application", "src\NerdStore.Catalogo.Application\NerdStore.Catalogo.Application.csproj", "{A36B34D8-6340-4E3F-9DAC-96A28C538EF4}"
EndProject
Project("{9A19103F-16F7-4668-BE54-9A1E7A4F7556}") = "NerdStore.WebApp.MVC", "src\NerdStore.WebApp.MVC\NerdStore.WebApp.MVC.csproj", "{9C5BDFA8-BF64-4D36-B187-FEEF09D27052}"
EndProject
Project("{2150E333-8FDC-42A3-9474-1A3956D46DE8}") = "Vendas", "Vendas", "{73A4B213-11A3-4098-9659-CD71C70CEF9F}"
EndProject
Project("{FAE04EC0-301F-11D3-BF4B-00C04F79EFBC}") = "NerdStore.Vendas.Domain", "src\NerdStore.Vendas.Domain\NerdStore.Vendas.Domain.csproj", "{16D3E280-4EF3-4DAE-B04C-8220E1BE0136}"
EndProject
Project("{FAE04EC0-301F-11D3-BF4B-00C04F79EFBC}") = "NerdStore.Vendas.Application", "src\NerdStore.Vendas.Application\NerdStore.Vendas.Application.csproj", "{DC6C7A4C-3C89-4CC2-9554-B7E8F662356F}"
EndProject
Project("{FAE04EC0-301F-11D3-BF4B-00C04F79EFBC}") = "NerdStore.Vendas.Data", "src\NerdStore.Vendas.Data\NerdStore.Vendas.Data.csproj", "{B160B297-BB13-4AEE-BB3F-647DA3BC865A}"
EndProject
Global
	GlobalSection(SolutionConfigurationPlatforms) = preSolution
		Debug|Any CPU = Debug|Any CPU
		Release|Any CPU = Release|Any CPU
	EndGlobalSection
	GlobalSection(ProjectConfigurationPlatforms) = postSolution
		{00603E32-F3A3-47C3-B833-EB92D3E23CE6}.Debug|Any CPU.ActiveCfg = Debug|Any CPU
		{00603E32-F3A3-47C3-B833-EB92D3E23CE6}.Debug|Any CPU.Build.0 = Debug|Any CPU
		{00603E32-F3A3-47C3-B833-EB92D3E23CE6}.Release|Any CPU.ActiveCfg = Release|Any CPU
		{00603E32-F3A3-47C3-B833-EB92D3E23CE6}.Release|Any CPU.Build.0 = Release|Any CPU
		{0011F447-9607-42CA-B9C0-ED46C648A4B5}.Debug|Any CPU.ActiveCfg = Debug|Any CPU
		{0011F447-9607-42CA-B9C0-ED46C648A4B5}.Debug|Any CPU.Build.0 = Debug|Any CPU
		{0011F447-9607-42CA-B9C0-ED46C648A4B5}.Release|Any CPU.ActiveCfg = Release|Any CPU
		{0011F447-9607-42CA-B9C0-ED46C648A4B5}.Release|Any CPU.Build.0 = Release|Any CPU
		{EF1184B5-1B60-420E-8900-1472BD4D51C7}.Debug|Any CPU.ActiveCfg = Debug|Any CPU
		{EF1184B5-1B60-420E-8900-1472BD4D51C7}.Debug|Any CPU.Build.0 = Debug|Any CPU
		{EF1184B5-1B60-420E-8900-1472BD4D51C7}.Release|Any CPU.ActiveCfg = Release|Any CPU
		{EF1184B5-1B60-420E-8900-1472BD4D51C7}.Release|Any CPU.Build.0 = Release|Any CPU
		{BD596250-8132-41A4-A381-5695DA4DF45F}.Debug|Any CPU.ActiveCfg = Debug|Any CPU
		{BD596250-8132-41A4-A381-5695DA4DF45F}.Debug|Any CPU.Build.0 = Debug|Any CPU
		{BD596250-8132-41A4-A381-5695DA4DF45F}.Release|Any CPU.ActiveCfg = Release|Any CPU
		{BD596250-8132-41A4-A381-5695DA4DF45F}.Release|Any CPU.Build.0 = Release|Any CPU
		{A36B34D8-6340-4E3F-9DAC-96A28C538EF4}.Debug|Any CPU.ActiveCfg = Debug|Any CPU
		{A36B34D8-6340-4E3F-9DAC-96A28C538EF4}.Debug|Any CPU.Build.0 = Debug|Any CPU
		{A36B34D8-6340-4E3F-9DAC-96A28C538EF4}.Release|Any CPU.ActiveCfg = Release|Any CPU
		{A36B34D8-6340-4E3F-9DAC-96A28C538EF4}.Release|Any CPU.Build.0 = Release|Any CPU
		{9C5BDFA8-BF64-4D36-B187-FEEF09D27052}.Debug|Any CPU.ActiveCfg = Debug|Any CPU
		{9C5BDFA8-BF64-4D36-B187-FEEF09D27052}.Debug|Any CPU.Build.0 = Debug|Any CPU
		{9C5BDFA8-BF64-4D36-B187-FEEF09D27052}.Release|Any CPU.ActiveCfg = Release|Any CPU
		{9C5BDFA8-BF64-4D36-B187-FEEF09D27052}.Release|Any CPU.Build.0 = Release|Any CPU
		{16D3E280-4EF3-4DAE-B04C-8220E1BE0136}.Debug|Any CPU.ActiveCfg = Debug|Any CPU
		{16D3E280-4EF3-4DAE-B04C-8220E1BE0136}.Debug|Any CPU.Build.0 = Debug|Any CPU
		{16D3E280-4EF3-4DAE-B04C-8220E1BE0136}.Release|Any CPU.ActiveCfg = Release|Any CPU
		{16D3E280-4EF3-4DAE-B04C-8220E1BE0136}.Release|Any CPU.Build.0 = Release|Any CPU
		{DC6C7A4C-3C89-4CC2-9554-B7E8F662356F}.Debug|Any CPU.ActiveCfg = Debug|Any CPU
		{DC6C7A4C-3C89-4CC2-9554-B7E8F662356F}.Debug|Any CPU.Build.0 = Debug|Any CPU
		{DC6C7A4C-3C89-4CC2-9554-B7E8F662356F}.Release|Any CPU.ActiveCfg = Release|Any CPU
		{DC6C7A4C-3C89-4CC2-9554-B7E8F662356F}.Release|Any CPU.Build.0 = Release|Any CPU
		{B160B297-BB13-4AEE-BB3F-647DA3BC865A}.Debug|Any CPU.ActiveCfg = Debug|Any CPU
		{B160B297-BB13-4AEE-BB3F-647DA3BC865A}.Debug|Any CPU.Build.0 = Debug|Any CPU
		{B160B297-BB13-4AEE-BB3F-647DA3BC865A}.Release|Any CPU.ActiveCfg = Release|Any CPU
		{B160B297-BB13-4AEE-BB3F-647DA3BC865A}.Release|Any CPU.Build.0 = Release|Any CPU
	EndGlobalSection
	GlobalSection(SolutionProperties) = preSolution
		HideSolutionNode = FALSE
	EndGlobalSection
	GlobalSection(NestedProjects) = preSolution
		{4B4B1CE4-EDCB-45BA-B2E8-E775280462D2} = {F094A572-F340-432E-A8D1-9025E8B04A54}
		{B6281BA7-EDC6-4B46-A686-1C5032304128} = {F094A572-F340-432E-A8D1-9025E8B04A54}
		{2DC78145-5EC1-40CE-BB70-7C57C50DCE24} = {F094A572-F340-432E-A8D1-9025E8B04A54}
		{00603E32-F3A3-47C3-B833-EB92D3E23CE6} = {B6281BA7-EDC6-4B46-A686-1C5032304128}
		{0011F447-9607-42CA-B9C0-ED46C648A4B5} = {2DC78145-5EC1-40CE-BB70-7C57C50DCE24}
		{6412A16D-479B-46CD-AE97-E725E5553E5D} = {B6281BA7-EDC6-4B46-A686-1C5032304128}
		{EF1184B5-1B60-420E-8900-1472BD4D51C7} = {6412A16D-479B-46CD-AE97-E725E5553E5D}
		{BD596250-8132-41A4-A381-5695DA4DF45F} = {B6281BA7-EDC6-4B46-A686-1C5032304128}
		{A36B34D8-6340-4E3F-9DAC-96A28C538EF4} = {B6281BA7-EDC6-4B46-A686-1C5032304128}
		{9C5BDFA8-BF64-4D36-B187-FEEF09D27052} = {F31B9F20-4D8C-41D9-838F-5DB334422E7D}
		{73A4B213-11A3-4098-9659-CD71C70CEF9F} = {F094A572-F340-432E-A8D1-9025E8B04A54}
		{16D3E280-4EF3-4DAE-B04C-8220E1BE0136} = {73A4B213-11A3-4098-9659-CD71C70CEF9F}
		{DC6C7A4C-3C89-4CC2-9554-B7E8F662356F} = {73A4B213-11A3-4098-9659-CD71C70CEF9F}
		{B160B297-BB13-4AEE-BB3F-647DA3BC865A} = {73A4B213-11A3-4098-9659-CD71C70CEF9F}
	EndGlobalSection
	GlobalSection(ExtensibilityGlobals) = postSolution
		SolutionGuid = {52FB8CC1-2CE6-4939-987B-928A033C5D86}
	EndGlobalSection
EndGlobal
